# THIS IS AN AUTOGENERATED FILE. DO NOT EDIT THIS FILE DIRECTLY.
# yarn lockfile v1


"@types/jquery@^3.3.30":
  version "3.3.30"
  resolved "https://registry.yarnpkg.com/@types/jquery/-/jquery-3.3.30.tgz#af4ad612d86d954d74664b2b0ec337a251fddb5b"
  integrity sha512-chB+QbLulamShZAFcTJtl8opZwHFBpDOP6nRLrPGkhC6N1aKWrDXg2Nc71tEg6ny6E8SQpRwbWSi9GdstH5VJA==
  dependencies:
    "@types/sizzle" "*"

"@types/sizzle@*":
  version "2.3.2"
  resolved "https://registry.yarnpkg.com/@types/sizzle/-/sizzle-2.3.2.tgz#a811b8c18e2babab7d542b3365887ae2e4d9de47"
  integrity sha512-7EJYyKTL7tFR8+gDbB6Wwz/arpGa0Mywk1TJbNzKzHtzbwVmY4HR9WqS5VV7dsBUKQmPNr192jHr/VpBluj/hg==

"@types/whatwg-fetch@^0.0.33":
  version "0.0.33"
  resolved "https://registry.yarnpkg.com/@types/whatwg-fetch/-/whatwg-fetch-0.0.33.tgz#19c0d2863c8cb2380f21a1c736b79cbf7895bb13"
  integrity sha1-GcDShjyMsjgPIaHHNrecv3iVuxM=
  dependencies:
    "@types/whatwg-streams" "*"

"@types/whatwg-streams@*":
  version "0.0.7"
  resolved "https://registry.yarnpkg.com/@types/whatwg-streams/-/whatwg-streams-0.0.7.tgz#28bfe73dc850562296367249c4b32a50db81e9d3"
  integrity sha512-6sDiSEP6DWcY2ZolsJ2s39ZmsoGQ7KVwBDI3sESQsEm9P2dHTcqnDIHRZFRNtLCzWp7hCFGqYbw5GyfpQnJ01A==

whatwg-fetch@^3.0.0:
  version "3.0.0"
  resolved "https://registry.yarnpkg.com/whatwg-fetch/-/whatwg-fetch-3.0.0.tgz#fc804e458cc460009b1a2b966bc8817d2578aefb"
  integrity sha512-9GSJUgz1D4MfyKU7KRqwOjXCXTqWdFNvEr7eUBYchQiVc744mqK/MzXPNR2WsPkmkOa4ywfg8C2n8h+13Bey1Q==
